
Microsoft Visual Studio Solution File, Format Version 12.00
# Visual Studio 15
VisualStudioVersion = 15.0.26403.7
MinimumVisualStudioVersion = 10.0.40219.1
Project("{FAE04EC0-301F-11D3-BF4B-00C04F79EFBC}") = "ModularToolManger", "ModularToolManger\ModularToolManger.csproj", "{42E97A0E-BB73-47A3-8831-80CFE591FF78}"
EndProject
Project("{FAE04EC0-301F-11D3-BF4B-00C04F79EFBC}") = "ToolMangerInterface", "ToolMangerInterface\ToolMangerInterface.csproj", "{51804EDD-6999-4F6B-B279-0868A9E2505C}"
EndProject
Project("{FAE04EC0-301F-11D3-BF4B-00C04F79EFBC}") = "DefaultTools", "DefaultTools\DefaultTools.csproj", "{A5CDEDE3-AEF6-4E92-9D7D-C4EC2BD83BEF}"
EndProject
Global
	GlobalSection(SolutionConfigurationPlatforms) = preSolution
		Debug|Any CPU = Debug|Any CPU
		Debug|Mixed Platforms = Debug|Mixed Platforms
		Debug|x86 = Debug|x86
		Release|Any CPU = Release|Any CPU
		Release|Mixed Platforms = Release|Mixed Platforms
		Release|x86 = Release|x86
	EndGlobalSection
	GlobalSection(ProjectConfigurationPlatforms) = postSolution
		{42E97A0E-BB73-47A3-8831-80CFE591FF78}.Debug|Any CPU.ActiveCfg = Debug|Any CPU
		{42E97A0E-BB73-47A3-8831-80CFE591FF78}.Debug|Any CPU.Build.0 = Debug|Any CPU
		{42E97A0E-BB73-47A3-8831-80CFE591FF78}.Debug|Mixed Platforms.ActiveCfg = Debug|Any CPU
		{42E97A0E-BB73-47A3-8831-80CFE591FF78}.Debug|Mixed Platforms.Build.0 = Debug|Any CPU
		{42E97A0E-BB73-47A3-8831-80CFE591FF78}.Debug|x86.ActiveCfg = Debug|Any CPU
		{42E97A0E-BB73-47A3-8831-80CFE591FF78}.Debug|x86.Build.0 = Debug|Any CPU
		{42E97A0E-BB73-47A3-8831-80CFE591FF78}.Release|Any CPU.ActiveCfg = Release|Any CPU
		{42E97A0E-BB73-47A3-8831-80CFE591FF78}.Release|Any CPU.Build.0 = Release|Any CPU
		{42E97A0E-BB73-47A3-8831-80CFE591FF78}.Release|Mixed Platforms.ActiveCfg = Release|Any CPU
		{42E97A0E-BB73-47A3-8831-80CFE591FF78}.Release|Mixed Platforms.Build.0 = Release|Any CPU
		{42E97A0E-BB73-47A3-8831-80CFE591FF78}.Release|x86.ActiveCfg = Release|Any CPU
		{42E97A0E-BB73-47A3-8831-80CFE591FF78}.Release|x86.Build.0 = Release|Any CPU
		{51804EDD-6999-4F6B-B279-0868A9E2505C}.Debug|Any CPU.ActiveCfg = Debug|Any CPU
		{51804EDD-6999-4F6B-B279-0868A9E2505C}.Debug|Any CPU.Build.0 = Debug|Any CPU
		{51804EDD-6999-4F6B-B279-0868A9E2505C}.Debug|Mixed Platforms.ActiveCfg = Debug|Any CPU
		{51804EDD-6999-4F6B-B279-0868A9E2505C}.Debug|Mixed Platforms.Build.0 = Debug|Any CPU
		{51804EDD-6999-4F6B-B279-0868A9E2505C}.Debug|x86.ActiveCfg = Debug|Any CPU
		{51804EDD-6999-4F6B-B279-0868A9E2505C}.Release|Any CPU.ActiveCfg = Release|Any CPU
		{51804EDD-6999-4F6B-B279-0868A9E2505C}.Release|Any CPU.Build.0 = Release|Any CPU
		{51804EDD-6999-4F6B-B279-0868A9E2505C}.Release|Mixed Platforms.ActiveCfg = Release|Any CPU
		{51804EDD-6999-4F6B-B279-0868A9E2505C}.Release|Mixed Platforms.Build.0 = Release|Any CPU
		{51804EDD-6999-4F6B-B279-0868A9E2505C}.Release|x86.ActiveCfg = Release|Any CPU
		{A5CDEDE3-AEF6-4E92-9D7D-C4EC2BD83BEF}.Debug|Any CPU.ActiveCfg = Debug|Any CPU
		{A5CDEDE3-AEF6-4E92-9D7D-C4EC2BD83BEF}.Debug|Any CPU.Build.0 = Debug|Any CPU
		{A5CDEDE3-AEF6-4E92-9D7D-C4EC2BD83BEF}.Debug|Mixed Platforms.ActiveCfg = Debug|Any CPU
		{A5CDEDE3-AEF6-4E92-9D7D-C4EC2BD83BEF}.Debug|Mixed Platforms.Build.0 = Debug|Any CPU
		{A5CDEDE3-AEF6-4E92-9D7D-C4EC2BD83BEF}.Debug|x86.ActiveCfg = Debug|Any CPU
		{A5CDEDE3-AEF6-4E92-9D7D-C4EC2BD83BEF}.Debug|x86.Build.0 = Debug|Any CPU
		{A5CDEDE3-AEF6-4E92-9D7D-C4EC2BD83BEF}.Release|Any CPU.ActiveCfg = Release|Any CPU
		{A5CDEDE3-AEF6-4E92-9D7D-C4EC2BD83BEF}.Release|Any CPU.Build.0 = Release|Any CPU
		{A5CDEDE3-AEF6-4E92-9D7D-C4EC2BD83BEF}.Release|Mixed Platforms.ActiveCfg = Release|Any CPU
		{A5CDEDE3-AEF6-4E92-9D7D-C4EC2BD83BEF}.Release|Mixed Platforms.Build.0 = Release|Any CPU
		{A5CDEDE3-AEF6-4E92-9D7D-C4EC2BD83BEF}.Release|x86.ActiveCfg = Release|Any CPU
		{A5CDEDE3-AEF6-4E92-9D7D-C4EC2BD83BEF}.Release|x86.Build.0 = Release|Any CPU
	EndGlobalSection
	GlobalSection(SolutionProperties) = preSolution
		HideSolutionNode = FALSE
	EndGlobalSection
EndGlobal
